# This file is automatically @generated by Cargo.
# It is not intended for manual editing.
version = 4

[[package]]
name = "liboboos"
version = "0.0.1"
dependencies = [
 "oboos-api",
]

[[package]]
name = "oboos-api"
version = "0.0.1"

[[package]]
name = "oboos-hello"
version = "0.0.1"
dependencies = [
 "liboboos",
]
